// !$*UTF8*$!
{
	archiveVersion = 1;
	classes = {
	};
	objectVersion = 77;
	objects = {

/* Begin PBXContainerItemProxy section */
		372CEAA32CF22A3700490B75 /* PBXContainerItemProxy */ = {
			isa = PBXContainerItemProxy;
			containerPortal = 372CEA882CF22A3600490B75 /* Project object */;
			proxyType = 1;
			remoteGlobalIDString = 372CEA8F2CF22A3600490B75;
			remoteInfo = DailyWorkout;
		};
		372CEAAD2CF22A3700490B75 /* PBXContainerItemProxy */ = {
			isa = PBXContainerItemProxy;
			containerPortal = 372CEA882CF22A3600490B75 /* Project object */;
			proxyType = 1;
			remoteGlobalIDString = 372CEA8F2CF22A3600490B75;
			remoteInfo = DailyWorkout;
		};
/* End PBXContainerItemProxy section */

/* Begin PBXFileReference section */
		372CEA902CF22A3600490B75 /* DailyWorkout.app */ = {isa = PBXFileReference; explicitFileType = wrapper.application; includeInIndex = 0; path = DailyWorkout.app; sourceTree = BUILT_PRODUCTS_DIR; };
		372CEAA22CF22A3700490B75 /* DailyWorkoutTests.xctest */ = {isa = PBXFileReference; explicitFileType = wrapper.cfbundle; includeInIndex = 0; path = DailyWorkoutTests.xctest; sourceTree = BUILT_PRODUCTS_DIR; };
		372CEAAC2CF22A3700490B75 /* DailyWorkoutUITests.xctest */ = {isa = PBXFileReference; explicitFileType = wrapper.cfbundle; includeInIndex = 0; path = DailyWorkoutUITests.xctest; sourceTree = BUILT_PRODUCTS_DIR; };
/* End PBXFileReference section */

/* Begin PBXFileSystemSynchronizedRootGroup section */
		372CEA922CF22A3600490B75 /* DailyWorkout */ = {
			isa = PBXFileSystemSynchronizedRootGroup;
			path = DailyWorkout;
			sourceTree = "<group>";
		};
		372CEAA52CF22A3700490B75 /* DailyWorkoutTests */ = {
			isa = PBXFileSystemSynchronizedRootGroup;
			path = DailyWorkoutTests;
			sourceTree = "<group>";
		};
		372CEAAF2CF22A3700490B75 /* DailyWorkoutUITests */ = {
			isa = PBXFileSystemSynchronizedRootGroup;
			path = DailyWorkoutUITests;
			sourceTree = "<group>";
		};
/* End PBXFileSystemSynchronizedRootGroup section */

/* Begin PBXFrameworksBuildPhase section */
		372CEA8D2CF22A3600490B75 /* Frameworks */ = {
			isa = PBXFrameworksBuildPhase;
			buildActionMask = 2147483647;
			files = (
			);
			runOnlyForDeploymentPostprocessing = 0;
		};
		372CEA9F2CF22A3700490B75 /* Frameworks */ = {
			isa = PBXFrameworksBuildPhase;
			buildActionMask = 2147483647;
			files = (
			);
			runOnlyForDeploymentPostprocessing = 0;
		};
		372CEAA92CF22A3700490B75 /* Frameworks */ = {
			isa = PBXFrameworksBuildPhase;
			buildActionMask = 2147483647;
			files = (
			);
			runOnlyForDeploymentPostprocessing = 0;
		};
/* End PBXFrameworksBuildPhase section */

/* Begin PBXGroup section */
		372CEA872CF22A3600490B75 = {
			isa = PBXGroup;
			children = (
				372CEA922CF22A3600490B75 /* DailyWorkout */,
				372CEAA52CF22A3700490B75 /* DailyWorkoutTests */,
				372CEAAF2CF22A3700490B75 /* DailyWorkoutUITests */,
				372CEA912CF22A3600490B75 /* Products */,
			);
			sourceTree = "<group>";
		};
		372CEA912CF22A3600490B75 /* Products */ = {
			isa = PBXGroup;
			children = (
				372CEA902CF22A3600490B75 /* DailyWorkout.app */,
				372CEAA22CF22A3700490B75 /* DailyWorkoutTests.xctest */,
				372CEAAC2CF22A3700490B75 /* DailyWorkoutUITests.xctest */,
			);
			name = Products;
			sourceTree = "<group>";
		};
/* End PBXGroup section */

/* Begin PBXNativeTarget section */
		372CEA8F2CF22A3600490B75 /* DailyWorkout */ = {
			isa = PBXNativeTarget;
			buildConfigurationList = 372CEAB62CF22A3700490B75 /* Build configuration list for PBXNativeTarget "DailyWorkout" */;
			buildPhases = (
				372CEA8C2CF22A3600490B75 /* Sources */,
				372CEA8D2CF22A3600490B75 /* Frameworks */,
				372CEA8E2CF22A3600490B75 /* Resources */,
			);
			buildRules = (
			);
			dependencies = (
			);
			fileSystemSynchronizedGroups = (
				372CEA922CF22A3600490B75 /* DailyWorkout */,
			);
			name = DailyWorkout;
			packageProductDependencies = (
			);
			productName = DailyWorkout;
			productReference = 372CEA902CF22A3600490B75 /* DailyWorkout.app */;
			productType = "com.apple.product-type.application";
		};
		372CEAA12CF22A3700490B75 /* DailyWorkoutTests */ = {
			isa = PBXNativeTarget;
			buildConfigurationList = 372CEAB92CF22A3700490B75 /* Build configuration list for PBXNativeTarget "DailyWorkoutTests" */;
			buildPhases = (
				372CEA9E2CF22A3700490B75 /* Sources */,
				372CEA9F2CF22A3700490B75 /* Frameworks */,
				372CEAA02CF22A3700490B75 /* Resources */,
			);
			buildRules = (
			);
			dependencies = (
				372CEAA42CF22A3700490B75 /* PBXTargetDependency */,
			);
			fileSystemSynchronizedGroups = (
				372CEAA52CF22A3700490B75 /* DailyWorkoutTests */,
			);
			name = DailyWorkoutTests;
			packageProductDependencies = (
			);
			productName = DailyWorkoutTests;
			productReference = 372CEAA22CF22A3700490B75 /* DailyWorkoutTests.xctest */;
			productType = "com.apple.product-type.bundle.unit-test";
		};
		372CEAAB2CF22A3700490B75 /* DailyWorkoutUITests */ = {
			isa = PBXNativeTarget;
			buildConfigurationList = 372CEABC2CF22A3700490B75 /* Build configuration list for PBXNativeTarget "DailyWorkoutUITests" */;
			buildPhases = (
				372CEAA82CF22A3700490B75 /* Sources */,
				372CEAA92CF22A3700490B75 /* Frameworks */,
				372CEAAA2CF22A3700490B75 /* Resources */,
			);
			buildRules = (
			);
			dependencies = (
				372CEAAE2CF22A3700490B75 /* PBXTargetDependency */,
			);
			fileSystemSynchronizedGroups = (
				372CEAAF2CF22A3700490B75 /* DailyWorkoutUITests */,
			);
			name = DailyWorkoutUITests;
			packageProductDependencies = (
			);
			productName = DailyWorkoutUITests;
			productReference = 372CEAAC2CF22A3700490B75 /* DailyWorkoutUITests.xctest */;
			productType = "com.apple.product-type.bundle.ui-testing";
		};
/* End PBXNativeTarget section */

/* Begin PBXProject section */
		372CEA882CF22A3600490B75 /* Project object */ = {
			isa = PBXProject;
			attributes = {
				BuildIndependentTargetsInParallel = 1;
				LastSwiftUpdateCheck = 1610;
				LastUpgradeCheck = 1610;
				TargetAttributes = {
					372CEA8F2CF22A3600490B75 = {
						CreatedOnToolsVersion = 16.1;
					};
					372CEAA12CF22A3700490B75 = {
						CreatedOnToolsVersion = 16.1;
						TestTargetID = 372CEA8F2CF22A3600490B75;
					};
					372CEAAB2CF22A3700490B75 = {
						CreatedOnToolsVersion = 16.1;
						TestTargetID = 372CEA8F2CF22A3600490B75;
					};
				};
			};
			buildConfigurationList = 372CEA8B2CF22A3600490B75 /* Build configuration list for PBXProject "DailyWorkout" */;
			developmentRegion = en;
			hasScannedForEncodings = 0;
			knownRegions = (
				en,
				Base,
			);
			mainGroup = 372CEA872CF22A3600490B75;
			minimizedProjectReferenceProxies = 1;
			preferredProjectObjectVersion = 77;
			productRefGroup = 372CEA912CF22A3600490B75 /* Products */;
			projectDirPath = "";
			projectRoot = "";
			targets = (
				372CEA8F2CF22A3600490B75 /* DailyWorkout */,
				372CEAA12CF22A3700490B75 /* DailyWorkoutTests */,
				372CEAAB2CF22A3700490B75 /* DailyWorkoutUITests */,
			);
		};
/* End PBXProject section */

/* Begin PBXResourcesBuildPhase section */
		372CEA8E2CF22A3600490B75 /* Resources */ = {
			isa = PBXResourcesBuildPhase;
			buildActionMask = 2147483647;
			files = (
			);
			runOnlyForDeploymentPostprocessing = 0;
		};
		372CEAA02CF22A3700490B75 /* Resources */ = {
			isa = PBXResourcesBuildPhase;
			buildActionMask = 2147483647;
			files = (
			);
			runOnlyForDeploymentPostprocessing = 0;
		};
		372CEAAA2CF22A3700490B75 /* Resources */ = {
			isa = PBXResourcesBuildPhase;
			buildActionMask = 2147483647;
			files = (
			);
			runOnlyForDeploymentPostprocessing = 0;
		};
/* End PBXResourcesBuildPhase section */

/* Begin PBXSourcesBuildPhase section */
		372CEA8C2CF22A3600490B75 /* Sources */ = {
			isa = PBXSourcesBuildPhase;
			buildActionMask = 2147483647;
			files = (
			);
			runOnlyForDeploymentPostprocessing = 0;
		};
		372CEA9E2CF22A3700490B75 /* Sources */ = {
			isa = PBXSourcesBuildPhase;
			buildActionMask = 2147483647;
			files = (
			);
			runOnlyForDeploymentPostprocessing = 0;
		};
		372CEAA82CF22A3700490B75 /* Sources */ = {
			isa = PBXSourcesBuildPhase;
			buildActionMask = 2147483647;
			files = (
			);
			runOnlyForDeploymentPostprocessing = 0;
		};
/* End PBXSourcesBuildPhase section */

/* Begin PBXTargetDependency section */
		372CEAA42CF22A3700490B75 /* PBXTargetDependency */ = {
			isa = PBXTargetDependency;
			target = 372CEA8F2CF22A3600490B75 /* DailyWorkout */;
			targetProxy = 372CEAA32CF22A3700490B75 /* PBXContainerItemProxy */;
		};
		372CEAAE2CF22A3700490B75 /* PBXTargetDependency */ = {
			isa = PBXTargetDependency;
			target = 372CEA8F2CF22A3600490B75 /* DailyWorkout */;
			targetProxy = 372CEAAD2CF22A3700490B75 /* PBXContainerItemProxy */;
		};
/* End PBXTargetDependency section */

/* Begin XCBuildConfiguration section */
		372CEAB42CF22A3700490B75 /* Debug */ = {
			isa = XCBuildConfiguration;
			buildSettings = {
				ALWAYS_SEARCH_USER_PATHS = NO;
				ASSETCATALOG_COMPILER_GENERATE_SWIFT_ASSET_SYMBOL_EXTENSIONS = YES;
				CLANG_ANALYZER_NONNULL = YES;
				CLANG_ANALYZER_NUMBER_OBJECT_CONVERSION = YES_AGGRESSIVE;
				CLANG_CXX_LANGUAGE_STANDARD = "gnu++20";
				CLANG_ENABLE_MODULES = YES;
				CLANG_ENABLE_OBJC_ARC = YES;
				CLANG_ENABLE_OBJC_WEAK = YES;
				CLANG_WARN_BLOCK_CAPTURE_AUTORELEASING = YES;
				CLANG_WARN_BOOL_CONVERSION = YES;
				CLANG_WARN_COMMA = YES;
				CLANG_WARN_CONSTANT_CONVERSION = YES;
				CLANG_WARN_DEPRECATED_OBJC_IMPLEMENTATIONS = YES;
				CLANG_WARN_DIRECT_OBJC_ISA_USAGE = YES_ERROR;
				CLANG_WARN_DOCUMENTATION_COMMENTS = YES;
				CLANG_WARN_EMPTY_BODY = YES;
				CLANG_WARN_ENUM_CONVERSION = YES;
				CLANG_WARN_INFINITE_RECURSION = YES;
				CLANG_WARN_INT_CONVERSION = YES;
				CLANG_WARN_NON_LITERAL_NULL_CONVERSION = YES;
				CLANG_WARN_OBJC_IMPLICIT_RETAIN_SELF = YES;
				CLANG_WARN_OBJC_LITERAL_CONVERSION = YES;
				CLANG_WARN_OBJC_ROOT_CLASS = YES_ERROR;
				CLANG_WARN_QUOTED_INCLUDE_IN_FRAMEWORK_HEADER = YES;
				CLANG_WARN_RANGE_LOOP_ANALYSIS = YES;
				CLANG_WARN_STRICT_PROTOTYPES = YES;
				CLANG_WARN_SUSPICIOUS_MOVE = YES;
				CLANG_WARN_UNGUARDED_AVAILABILITY = YES_AGGRESSIVE;
				CLANG_WARN_UNREACHABLE_CODE = YES;
				CLANG_WARN__DUPLICATE_METHOD_MATCH = YES;
				COPY_PHASE_STRIP = NO;
				DEBUG_INFORMATION_FORMAT = dwarf;
				ENABLE_STRICT_OBJC_MSGSEND = YES;
				ENABLE_TESTABILITY = YES;
				ENABLE_USER_SCRIPT_SANDBOXING = YES;
				GCC_C_LANGUAGE_STANDARD = gnu17;
				GCC_DYNAMIC_NO_PIC = NO;
				GCC_NO_COMMON_BLOCKS = YES;
				GCC_OPTIMIZATION_LEVEL = 0;
				GCC_PREPROCESSOR_DEFINITIONS = (
					"DEBUG=1",
					"$(inherited)",
				);
				GCC_WARN_64_TO_32_BIT_CONVERSION = YES;
				GCC_WARN_ABOUT_RETURN_TYPE = YES_ERROR;
				GCC_WARN_UNDECLARED_SELECTOR = YES;
				GCC_WARN_UNINITIALIZED_AUTOS = YES_AGGRESSIVE;
				GCC_WARN_UNUSED_FUNCTION = YES;
				GCC_WARN_UNUSED_VARIABLE = YES;
				IPHONEOS_DEPLOYMENT_TARGET = 18.1;
				LOCALIZATION_PREFERS_STRING_CATALOGS = YES;
				MTL_ENABLE_DEBUG_INFO = INCLUDE_SOURCE;
				MTL_FAST_MATH = YES;
				ONLY_ACTIVE_ARCH = YES;
				SDKROOT = iphoneos;
				SWIFT_ACTIVE_COMPILATION_CONDITIONS = "DEBUG $(inherited)";
				SWIFT_OPTIMIZATION_LEVEL = "-Onone";
			};
			name = Debug;
		};
		372CEAB52CF22A3700490B75 /* Release */ = {
			isa = XCBuildConfiguration;
			buildSettings = {
				ALWAYS_SEARCH_USER_PATHS = NO;
				ASSETCATALOG_COMPILER_GENERATE_SWIFT_ASSET_SYMBOL_EXTENSIONS = YES;
				CLANG_ANALYZER_NONNULL = YES;
				CLANG_ANALYZER_NUMBER_OBJECT_CONVERSION = YES_AGGRESSIVE;
				CLANG_CXX_LANGUAGE_STANDARD = "gnu++20";
				CLANG_ENABLE_MODULES = YES;
				CLANG_ENABLE_OBJC_ARC = YES;
				CLANG_ENABLE_OBJC_WEAK = YES;
				CLANG_WARN_BLOCK_CAPTURE_AUTORELEASING = YES;
				CLANG_WARN_BOOL_CONVERSION = YES;
				CLANG_WARN_COMMA = YES;
				CLANG_WARN_CONSTANT_CONVERSION = YES;
				CLANG_WARN_DEPRECATED_OBJC_IMPLEMENTATIONS = YES;
				CLANG_WARN_DIRECT_OBJC_ISA_USAGE = YES_ERROR;
				CLANG_WARN_DOCUMENTATION_COMMENTS = YES;
				CLANG_WARN_EMPTY_BODY = YES;
				CLANG_WARN_ENUM_CONVERSION = YES;
				CLANG_WARN_INFINITE_RECURSION = YES;
				CLANG_WARN_INT_CONVERSION = YES;
				CLANG_WARN_NON_LITERAL_NULL_CONVERSION = YES;
				CLANG_WARN_OBJC_IMPLICIT_RETAIN_SELF = YES;
				CLANG_WARN_OBJC_LITERAL_CONVERSION = YES;
				CLANG_WARN_OBJC_ROOT_CLASS = YES_ERROR;
				CLANG_WARN_QUOTED_INCLUDE_IN_FRAMEWORK_HEADER = YES;
				CLANG_WARN_RANGE_LOOP_ANALYSIS = YES;
				CLANG_WARN_STRICT_PROTOTYPES = YES;
				CLANG_WARN_SUSPICIOUS_MOVE = YES;
				CLANG_WARN_UNGUARDED_AVAILABILITY = YES_AGGRESSIVE;
				CLANG_WARN_UNREACHABLE_CODE = YES;
				CLANG_WARN__DUPLICATE_METHOD_MATCH = YES;
				COPY_PHASE_STRIP = NO;
				DEBUG_INFORMATION_FORMAT = "dwarf-with-dsym";
				ENABLE_NS_ASSERTIONS = NO;
				ENABLE_STRICT_OBJC_MSGSEND = YES;
				ENABLE_USER_SCRIPT_SANDBOXING = YES;
				GCC_C_LANGUAGE_STANDARD = gnu17;
				GCC_NO_COMMON_BLOCKS = YES;
				GCC_WARN_64_TO_32_BIT_CONVERSION = YES;
				GCC_WARN_ABOUT_RETURN_TYPE = YES_ERROR;
				GCC_WARN_UNDECLARED_SELECTOR = YES;
				GCC_WARN_UNINITIALIZED_AUTOS = YES_AGGRESSIVE;
				GCC_WARN_UNUSED_FUNCTION = YES;
				GCC_WARN_UNUSED_VARIABLE = YES;
				IPHONEOS_DEPLOYMENT_TARGET = 18.1;
				LOCALIZATION_PREFERS_STRING_CATALOGS = YES;
				MTL_ENABLE_DEBUG_INFO = NO;
				MTL_FAST_MATH = YES;
				SDKROOT = iphoneos;
				SWIFT_COMPILATION_MODE = wholemodule;
				VALIDATE_PRODUCT = YES;
			};
			name = Release;
		};
		372CEAB72CF22A3700490B75 /* Debug */ = {
			isa = XCBuildConfiguration;
			buildSettings = {
				ASSETCATALOG_COMPILER_APPICON_NAME = AppIcon;
				ASSETCATALOG_COMPILER_GLOBAL_ACCENT_COLOR_NAME = AccentColor;
				CODE_SIGN_STYLE = Automatic;
				CURRENT_PROJECT_VERSION = 1;
				DEVELOPMENT_ASSET_PATHS = "\"DailyWorkout/Preview Content\"";
				DEVELOPMENT_TEAM = 99S33YCFRB;
				ENABLE_PREVIEWS = YES;
				GENERATE_INFOPLIST_FILE = YES;
				INFOPLIST_KEY_UIApplicationSceneManifest_Generation = YES;
				INFOPLIST_KEY_UIApplicationSupportsIndirectInputEvents = YES;
				INFOPLIST_KEY_UILaunchScreen_Generation = YES;
				INFOPLIST_KEY_UISupportedInterfaceOrientations_iPad = "UIInterfaceOrientationPortrait UIInterfaceOrientationPortraitUpsideDown UIInterfaceOrientationLandscapeLeft UIInterfaceOrientationLandscapeRight";
				INFOPLIST_KEY_UISupportedInterfaceOrientations_iPhone = "UIInterfaceOrientationPortrait UIInterfaceOrientationLandscapeLeft UIInterfaceOrientationLandscapeRight";
				LD_RUNPATH_SEARCH_PATHS = (
					"$(inherited)",
					"@executable_path/Frameworks",
				);
				MARKETING_VERSION = 1.0;
				PRODUCT_BUNDLE_IDENTIFIER = com.tnt.DailyWorkout;
				PRODUCT_NAME = "$(TARGET_NAME)";
				SWIFT_EMIT_LOC_STRINGS = YES;
				SWIFT_VERSION = 5.0;
				TARGETED_DEVICE_FAMILY = "1,2";
			};
			name = Debug;
		};
		372CEAB82CF22A3700490B75 /* Release */ = {
			isa = XCBuildConfiguration;
			buildSettings = {
				ASSETCATALOG_COMPILER_APPICON_NAME = AppIcon;
				ASSETCATALOG_COMPILER_GLOBAL_ACCENT_COLOR_NAME = AccentColor;
				CODE_SIGN_STYLE = Automatic;
				CURRENT_PROJECT_VERSION = 1;
				DEVELOPMENT_ASSET_PATHS = "\"DailyWorkout/Preview Content\"";
				DEVELOPMENT_TEAM = 99S33YCFRB;
				ENABLE_PREVIEWS = YES;
				GENERATE_INFOPLIST_FILE = YES;
				INFOPLIST_KEY_UIApplicationSceneManifest_Generation = YES;
				INFOPLIST_KEY_UIApplicationSupportsIndirectInputEvents = YES;
				INFOPLIST_KEY_UILaunchScreen_Generation = YES;
				INFOPLIST_KEY_UISupportedInterfaceOrientations_iPad = "UIInterfaceOrientationPortrait UIInterfaceOrientationPortraitUpsideDown UIInterfaceOrientationLandscapeLeft UIInterfaceOrientationLandscapeRight";
				INFOPLIST_KEY_UISupportedInterfaceOrientations_iPhone = "UIInterfaceOrientationPortrait UIInterfaceOrientationLandscapeLeft UIInterfaceOrientationLandscapeRight";
				LD_RUNPATH_SEARCH_PATHS = (
					"$(inherited)",
					"@executable_path/Frameworks",
				);
				MARKETING_VERSION = 1.0;
				PRODUCT_BUNDLE_IDENTIFIER = com.tnt.DailyWorkout;
				PRODUCT_NAME = "$(TARGET_NAME)";
				SWIFT_EMIT_LOC_STRINGS = YES;
				SWIFT_VERSION = 5.0;
				TARGETED_DEVICE_FAMILY = "1,2";
			};
			name = Release;
		};
		372CEABA2CF22A3700490B75 /* Debug */ = {
			isa = XCBuildConfiguration;
			buildSettings = {
				BUNDLE_LOADER = "$(TEST_HOST)";
				CODE_SIGN_STYLE = Automatic;
				CURRENT_PROJECT_VERSION = 1;
				DEVELOPMENT_TEAM = 99S33YCFRB;
				GENERATE_INFOPLIST_FILE = YES;
				IPHONEOS_DEPLOYMENT_TARGET = 18.1;
				MARKETING_VERSION = 1.0;
				PRODUCT_BUNDLE_IDENTIFIER = com.tnt.DailyWorkoutTests;
				PRODUCT_NAME = "$(TARGET_NAME)";
				SWIFT_EMIT_LOC_STRINGS = NO;
				SWIFT_VERSION = 5.0;
				TARGETED_DEVICE_FAMILY = "1,2";
				TEST_HOST = "$(BUILT_PRODUCTS_DIR)/DailyWorkout.app/$(BUNDLE_EXECUTABLE_FOLDER_PATH)/DailyWorkout";
			};
			name = Debug;
		};
		372CEABB2CF22A3700490B75 /* Release */ = {
			isa = XCBuildConfiguration;
			buildSettings = {
				BUNDLE_LOADER = "$(TEST_HOST)";
				CODE_SIGN_STYLE = Automatic;
				CURRENT_PROJECT_VERSION = 1;
				DEVELOPMENT_TEAM = 99S33YCFRB;
				GENERATE_INFOPLIST_FILE = YES;
				IPHONEOS_DEPLOYMENT_TARGET = 18.1;
				MARKETING_VERSION = 1.0;
				PRODUCT_BUNDLE_IDENTIFIER = com.tnt.DailyWorkoutTests;
				PRODUCT_NAME = "$(TARGET_NAME)";
				SWIFT_EMIT_LOC_STRINGS = NO;
				SWIFT_VERSION = 5.0;
				TARGETED_DEVICE_FAMILY = "1,2";
				TEST_HOST = "$(BUILT_PRODUCTS_DIR)/DailyWorkout.app/$(BUNDLE_EXECUTABLE_FOLDER_PATH)/DailyWorkout";
			};
			name = Release;
		};
		372CEABD2CF22A3700490B75 /* Debug */ = {
			isa = XCBuildConfiguration;
			buildSettings = {
				CODE_SIGN_STYLE = Automatic;
				CURRENT_PROJECT_VERSION = 1;
				DEVELOPMENT_TEAM = 99S33YCFRB;
				GENERATE_INFOPLIST_FILE = YES;
				MARKETING_VERSION = 1.0;
				PRODUCT_BUNDLE_IDENTIFIER = com.tnt.DailyWorkoutUITests;
				PRODUCT_NAME = "$(TARGET_NAME)";
				SWIFT_EMIT_LOC_STRINGS = NO;
				SWIFT_VERSION = 5.0;
				TARGETED_DEVICE_FAMILY = "1,2";
				TEST_TARGET_NAME = DailyWorkout;
			};
			name = Debug;
		};
		372CEABE2CF22A3700490B75 /* Release */ = {
			isa = XCBuildConfiguration;
			buildSettings = {
				CODE_SIGN_STYLE = Automatic;
				CURRENT_PROJECT_VERSION = 1;
				DEVELOPMENT_TEAM = 99S33YCFRB;
				GENERATE_INFOPLIST_FILE = YES;
				MARKETING_VERSION = 1.0;
				PRODUCT_BUNDLE_IDENTIFIER = com.tnt.DailyWorkoutUITests;
				PRODUCT_NAME = "$(TARGET_NAME)";
				SWIFT_EMIT_LOC_STRINGS = NO;
				SWIFT_VERSION = 5.0;
				TARGETED_DEVICE_FAMILY = "1,2";
				TEST_TARGET_NAME = DailyWorkout;
			};
			name = Release;
		};
/* End XCBuildConfiguration section */

/* Begin XCConfigurationList section */
		372CEA8B2CF22A3600490B75 /* Build configuration list for PBXProject "DailyWorkout" */ = {
			isa = XCConfigurationList;
			buildConfigurations = (
				372CEAB42CF22A3700490B75 /* Debug */,
				372CEAB52CF22A3700490B75 /* Release */,
			);
			defaultConfigurationIsVisible = 0;
			defaultConfigurationName = Release;
		};
		372CEAB62CF22A3700490B75 /* Build configuration list for PBXNativeTarget "DailyWorkout" */ = {
			isa = XCConfigurationList;
			buildConfigurations = (
				372CEAB72CF22A3700490B75 /* Debug */,
				372CEAB82CF22A3700490B75 /* Release */,
			);
			defaultConfigurationIsVisible = 0;
			defaultConfigurationName = Release;
		};
		372CEAB92CF22A3700490B75 /* Build configuration list for PBXNativeTarget "DailyWorkoutTests" */ = {
			isa = XCConfigurationList;
			buildConfigurations = (
				372CEABA2CF22A3700490B75 /* Debug */,
				372CEABB2CF22A3700490B75 /* Release */,
			);
			defaultConfigurationIsVisible = 0;
			defaultConfigurationName = Release;
		};
		372CEABC2CF22A3700490B75 /* Build configuration list for PBXNativeTarget "DailyWorkoutUITests" */ = {
			isa = XCConfigurationList;
			buildConfigurations = (
				372CEABD2CF22A3700490B75 /* Debug */,
				372CEABE2CF22A3700490B75 /* Release */,
			);
			defaultConfigurationIsVisible = 0;
			defaultConfigurationName = Release;
		};
/* End XCConfigurationList section */
	};
	rootObject = 372CEA882CF22A3600490B75 /* Project object */;
}
